
Microsoft Visual Studio Solution File, Format Version 12.00
# Visual Studio Version 16
VisualStudioVersion = 16.0.32407.337
MinimumVisualStudioVersion = 10.0.40219.1
Project("{FAE04EC0-301F-11D3-BF4B-00C04F79EFBC}") = "HW-10.Task1-Task2", "HW-10.Task1-Task2\HW-10.Task1-Task2.csproj", "{584F82F5-4F48-43E8-87AC-B5D154093BA0}"
EndProject
Global
	GlobalSection(SolutionConfigurationPlatforms) = preSolution
		Debug|Any CPU = Debug|Any CPU
		Release|Any CPU = Release|Any CPU
	EndGlobalSection
	GlobalSection(ProjectConfigurationPlatforms) = postSolution
		{584F82F5-4F48-43E8-87AC-B5D154093BA0}.Debug|Any CPU.ActiveCfg = Debug|Any CPU
		{584F82F5-4F48-43E8-87AC-B5D154093BA0}.Debug|Any CPU.Build.0 = Debug|Any CPU
		{584F82F5-4F48-43E8-87AC-B5D154093BA0}.Release|Any CPU.ActiveCfg = Release|Any CPU
		{584F82F5-4F48-43E8-87AC-B5D154093BA0}.Release|Any CPU.Build.0 = Release|Any CPU
	EndGlobalSection
	GlobalSection(SolutionProperties) = preSolution
		HideSolutionNode = FALSE
	EndGlobalSection
	GlobalSection(ExtensibilityGlobals) = postSolution
		SolutionGuid = {E3802FA6-5BE7-456D-B8C9-5B7380D288EE}
	EndGlobalSection
EndGlobal
